
Microsoft Visual Studio Solution File, Format Version 12.00
# Visual Studio Version 16
VisualStudioVersion = 16.0.29519.87
MinimumVisualStudioVersion = 10.0.40219.1
Project("{FAE04EC0-301F-11D3-BF4B-00C04F79EFBC}") = "Bunker3.1", "Bunker3.1.csproj", "{AE8895AE-B0A0-45A0-89B4-9EDF7A3C3F82}"
EndProject
Global
	GlobalSection(SolutionConfigurationPlatforms) = preSolution
		Debug|Any CPU = Debug|Any CPU
		Release|Any CPU = Release|Any CPU
	EndGlobalSection
	GlobalSection(ProjectConfigurationPlatforms) = postSolution
		{AE8895AE-B0A0-45A0-89B4-9EDF7A3C3F82}.Debug|Any CPU.ActiveCfg = Debug|Any CPU
		{AE8895AE-B0A0-45A0-89B4-9EDF7A3C3F82}.Debug|Any CPU.Build.0 = Debug|Any CPU
		{AE8895AE-B0A0-45A0-89B4-9EDF7A3C3F82}.Release|Any CPU.ActiveCfg = Release|Any CPU
		{AE8895AE-B0A0-45A0-89B4-9EDF7A3C3F82}.Release|Any CPU.Build.0 = Release|Any CPU
	EndGlobalSection
	GlobalSection(SolutionProperties) = preSolution
		HideSolutionNode = FALSE
	EndGlobalSection
	GlobalSection(ExtensibilityGlobals) = postSolution
		SolutionGuid = {ADB05526-3E2E-4DCA-8ABC-1DF66A30EBA5}
	EndGlobalSection
EndGlobal
